[[package]]
name = "a3b2bbc3ced97675ac3a71df45f55ba"
version = "6.4.0"
description = "The LHAPDF parton density evaluation library"
category = "main"
optional = false
python-versions = "*"

[[package]]
name = "appdirs"
version = "1.4.4"
description = "A small Python module for determining appropriate platform-specific dirs, e.g. a \"user data dir\"."
category = "main"
optional = false
python-versions = "*"

[[package]]
name = "click"
version = "8.1.3"
description = "Composable command line interface toolkit"
category = "main"
optional = false
python-versions = ">=3.7"

[package.dependencies]
colorama = {version = "*", markers = "platform_system == \"Windows\""}

[[package]]
name = "colorama"
version = "0.4.5"
description = "Cross-platform colored terminal text."
category = "main"
optional = false
python-versions = ">=2.7, !=3.0.*, !=3.1.*, !=3.2.*, !=3.3.*, !=3.4.*"

[[package]]
name = "commonmark"
version = "0.9.1"
description = "Python parser for the CommonMark Markdown spec"
category = "main"
optional = false
python-versions = "*"

[package.extras]
test = ["flake8 (==3.7.8)", "hypothesis (==3.55.3)"]

[[package]]
name = "eko"
version = "0.10.2"
description = "Evolution Kernel Operators"
category = "main"
optional = false
python-versions = ">=3.8,<3.11"

[package.dependencies]
lz4 = ">=3.1.10,<4.0.0"
numba = ">=0.55.0,<0.56.0"
numpy = ">=1.22,<2.0"
PyYAML = ">=6.0,<7.0"
scipy = ">=1.7.3,<2.0.0"

[package.extras]
box = ["banana-hep (>=0.6.6,<0.7.0)", "matplotlib (>=3.5.1,<4.0.0)", "pandas (>=1.3.0,<2.0.0)", "sqlalchemy (>=1.4.21,<2.0.0)"]
docs = ["Sphinx (>=4.3.2,<5.0.0)", "nbsphinx (>=0.8.8,<0.9.0)", "sphinx-rtd-theme (>=1.0.0,<2.0.0)", "sphinxcontrib-bibtex (>=2.4.1,<3.0.0)"]
mark = ["banana-hep (>=0.6.6,<0.7.0)", "matplotlib (>=3.5.1,<4.0.0)", "pandas (>=1.3.0,<2.0.0)", "sqlalchemy (>=1.4.21,<2.0.0)"]

[[package]]
name = "llvmlite"
version = "0.38.1"
description = "lightweight wrapper around basic LLVM functionality"
category = "main"
optional = false
python-versions = ">=3.7,<3.11"

[[package]]
name = "lz4"
version = "3.1.10"
description = "LZ4 Bindings for Python"
category = "main"
optional = false
python-versions = ">=3.5"

[package.extras]
docs = ["sphinx (>=1.6.0)", "sphinx-bootstrap-theme"]
flake8 = ["flake8"]
tests = ["psutil", "pytest (!=3.3.0)", "pytest-cov"]

[[package]]
name = "numba"
version = "0.55.2"
description = "compiling Python code using LLVM"
category = "main"
optional = false
python-versions = ">=3.7,<3.11"

[package.dependencies]
llvmlite = ">=0.38.0rc1,<0.39"
numpy = ">=1.18,<1.23"
setuptools = "*"

[[package]]
name = "numpy"
version = "1.22.4"
description = "NumPy is the fundamental package for array computing with Python."
category = "main"
optional = false
python-versions = ">=3.8"

[[package]]
name = "pandas"
version = "1.5.0"
description = "Powerful data structures for data analysis, time series, and statistics"
category = "main"
optional = false
python-versions = ">=3.8"

[package.dependencies]
numpy = {version = ">=1.21.0", markers = "python_version >= \"3.10\""}
python-dateutil = ">=2.8.1"
pytz = ">=2020.1"

[package.extras]
test = ["hypothesis (>=5.5.3)", "pytest (>=6.0)", "pytest-xdist (>=1.31)"]

[[package]]
name = "pineappl"
version = "0.5.7"
description = "Python bindings to PineAPPL"
category = "main"
optional = false
python-versions = ">=3.6"

[package.dependencies]
numpy = ">=1.16.0,<2.0.0"

[package.extras]
docs = ["nbsphinx", "sphinx", "sphinx_rtd_theme", "sphinxcontrib-bibtex"]
test = ["pytest", "pytest-cov"]

[[package]]
name = "pineko"
version = "0.2.4"
description = "Combine PineAPPL grids and EKOs into FK tables"
category = "main"
optional = false
python-versions = ">=3.8,<3.11"

[package.dependencies]
a3b2bbc3ced97675ac3a71df45f55ba = ">=6.4.0,<7.0.0"
appdirs = ">=1.4.4,<2.0.0"
click = ">=8.0.4,<9.0.0"
eko = ">=0.10.2,<0.11.0"
numpy = ">=1.21.0,<2.0.0"
pandas = ">=1.4.1,<2.0.0"
pineappl = ">=0.5.6,<0.6.0"
PyYAML = ">=6.0,<7.0"
rich = ">=11.2.0,<12.0.0"
tomli = ">=2.0.1,<3.0.0"

[package.extras]
docs = ["Sphinx (>=4.3.2,<5.0.0)", "sphinx-rtd-theme (>=1.0.0,<2.0.0)", "sphinxcontrib-bibtex (>=2.4.1,<3.0.0)"]

[[package]]
name = "Pygments"
version = "2.13.0"
description = "Pygments is a syntax highlighting package written in Python."
category = "main"
optional = false
python-versions = ">=3.6"

[package.extras]
plugins = ["importlib-metadata"]

[[package]]
name = "python-dateutil"
version = "2.8.2"
description = "Extensions to the standard Python datetime module"
category = "main"
optional = false
python-versions = "!=3.0.*,!=3.1.*,!=3.2.*,>=2.7"

[package.dependencies]
six = ">=1.5"

[[package]]
name = "pytz"
version = "2022.4"
description = "World timezone definitions, modern and historical"
category = "main"
optional = false
python-versions = "*"

[[package]]
name = "PyYAML"
version = "6.0"
description = "YAML parser and emitter for Python"
category = "main"
optional = false
python-versions = ">=3.6"

[[package]]
name = "rich"
version = "11.2.0"
description = "Render rich text, tables, progress bars, syntax highlighting, markdown and more to the terminal"
category = "main"
optional = false
python-versions = ">=3.6.2,<4.0.0"

[package.dependencies]
colorama = ">=0.4.0,<0.5.0"
commonmark = ">=0.9.0,<0.10.0"
pygments = ">=2.6.0,<3.0.0"

[package.extras]
jupyter = ["ipywidgets (>=7.5.1,<8.0.0)"]

[[package]]
name = "scipy"
version = "1.9.2"
description = "Fundamental algorithms for scientific computing in Python"
category = "main"
optional = false
python-versions = ">=3.8"

[package.dependencies]
numpy = ">=1.18.5,<1.26.0"

[package.extras]
dev = ["flake8", "mypy", "pycodestyle", "typing_extensions"]
doc = ["matplotlib (>2)", "numpydoc", "pydata-sphinx-theme (==0.9.0)", "sphinx (!=4.1.0)", "sphinx-panels (>=0.5.2)", "sphinx-tabs"]
test = ["asv", "gmpy2", "mpmath", "pytest", "pytest-cov", "pytest-xdist", "scikit-umfpack", "threadpoolctl"]

[[package]]
name = "setuptools"
version = "65.5.0"
description = "Easily download, build, install, upgrade, and uninstall Python packages"
category = "main"
optional = false
python-versions = ">=3.7"

[package.extras]
docs = ["furo", "jaraco.packaging (>=9)", "jaraco.tidelift (>=1.4)", "pygments-github-lexers (==0.0.5)", "rst.linker (>=1.9)", "sphinx (>=3.5)", "sphinx-favicon", "sphinx-hoverxref (<2)", "sphinx-inline-tabs", "sphinx-notfound-page (==0.8.3)", "sphinx-reredirects", "sphinxcontrib-towncrier"]
testing = ["build[virtualenv]", "filelock (>=3.4.0)", "flake8 (<5)", "flake8-2020", "ini2toml[lite] (>=0.9)", "jaraco.envs (>=2.2)", "jaraco.path (>=3.2.0)", "mock", "pip (>=19.1)", "pip-run (>=8.8)", "pytest (>=6)", "pytest-black (>=0.3.7)", "pytest-checkdocs (>=2.4)", "pytest-cov", "pytest-enabler (>=1.3)", "pytest-flake8", "pytest-mypy (>=0.9.1)", "pytest-perf", "pytest-xdist", "tomli-w (>=1.0.0)", "virtualenv (>=13.0.0)", "wheel"]
testing-integration = ["build[virtualenv]", "filelock (>=3.4.0)", "jaraco.envs (>=2.2)", "jaraco.path (>=3.2.0)", "pytest", "pytest-enabler", "pytest-xdist", "tomli", "virtualenv (>=13.0.0)", "wheel"]

[[package]]
name = "six"
version = "1.16.0"
description = "Python 2 and 3 compatibility utilities"
category = "main"
optional = false
python-versions = ">=2.7, !=3.0.*, !=3.1.*, !=3.2.*"

[[package]]
name = "tomli"
version = "2.0.1"
description = "A lil' TOML parser"
category = "main"
optional = false
python-versions = ">=3.7"

[metadata]
lock-version = "1.1"
python-versions = "^3.10,<3.11"
content-hash = "95595c8bfc3e76d62e4498d97523b1d23d98202bf523b20ac293a247da17cb21"

[metadata.files]
a3b2bbc3ced97675ac3a71df45f55ba = [
    {file = "a3b2bbc3ced97675ac3a71df45f55ba-6.4.0-cp310-cp310-manylinux_2_17_x86_64.manylinux2014_x86_64.whl", hash = "sha256:d47714ce84c5cd94cc5512d5683b39c5cd681e13ad086961770b4eb093e11154"},
    {file = "a3b2bbc3ced97675ac3a71df45f55ba-6.4.0-cp36-cp36m-manylinux_2_17_x86_64.manylinux2014_x86_64.whl", hash = "sha256:4ee7ba0247c67a8357685e5ad415df8b2322baf7eadd53120819a6c8d35484fe"},
    {file = "a3b2bbc3ced97675ac3a71df45f55ba-6.4.0-cp37-cp37m-manylinux_2_17_x86_64.manylinux2014_x86_64.whl", hash = "sha256:a01f7629db6684f9b231e60f98426b70fc66d45efa6a80ba26c6cacec5a95a7b"},
    {file = "a3b2bbc3ced97675ac3a71df45f55ba-6.4.0-cp38-cp38-manylinux_2_17_x86_64.manylinux2014_x86_64.whl", hash = "sha256:c0eaca66dafb9ab775e6aa2bd3e94e11f70b1bd28fa636fb047b917653b77ad4"},
    {file = "a3b2bbc3ced97675ac3a71df45f55ba-6.4.0-cp39-cp39-manylinux_2_17_x86_64.manylinux2014_x86_64.whl", hash = "sha256:3b3aab2121fa218ab30fa7ce72452646f74c183c00639d8d865a4abec57e92f2"},
    {file = "a3b2bbc3ced97675ac3a71df45f55ba-6.4.0-pp37-pypy37_pp73-manylinux_2_17_x86_64.manylinux2014_x86_64.whl", hash = "sha256:0147a1d9dab10f8b23ef5fc97f570ce044e9f8409bfee2fbce551180fafcbb2e"},
    {file = "a3b2bbc3ced97675ac3a71df45f55ba-6.4.0.tar.gz", hash = "sha256:1bd60035f9862db1130be035f631c2cfcf90d2ee0cfc6f33ce29fbf8a70b5a04"},
]
appdirs = [
    {file = "appdirs-1.4.4-py2.py3-none-any.whl", hash = "sha256:a841dacd6b99318a741b166adb07e19ee71a274450e68237b4650ca1055ab128"},
    {file = "appdirs-1.4.4.tar.gz", hash = "sha256:7d5d0167b2b1ba821647616af46a749d1c653740dd0d2415100fe26e27afdf41"},
]
click = [
    {file = "click-8.1.3-py3-none-any.whl", hash = "sha256:bb4d8133cb15a609f44e8213d9b391b0809795062913b383c62be0ee95b1db48"},
    {file = "click-8.1.3.tar.gz", hash = "sha256:7682dc8afb30297001674575ea00d1814d808d6a36af415a82bd481d37ba7b8e"},
]
colorama = [
    {file = "colorama-0.4.5-py2.py3-none-any.whl", hash = "sha256:854bf444933e37f5824ae7bfc1e98d5bce2ebe4160d46b5edf346a89358e99da"},
    {file = "colorama-0.4.5.tar.gz", hash = "sha256:e6c6b4334fc50988a639d9b98aa429a0b57da6e17b9a44f0451f930b6967b7a4"},
]
commonmark = [
    {file = "commonmark-0.9.1-py2.py3-none-any.whl", hash = "sha256:da2f38c92590f83de410ba1a3cbceafbc74fee9def35f9251ba9a971d6d66fd9"},
    {file = "commonmark-0.9.1.tar.gz", hash = "sha256:452f9dc859be7f06631ddcb328b6919c67984aca654e5fefb3914d54691aed60"},
]
eko = [
    {file = "eko-0.10.2-py3-none-any.whl", hash = "sha256:dd27e9cab13a7958d28fb7a35e5b509b1821b67054234c772e3979840836178d"},
    {file = "eko-0.10.2.tar.gz", hash = "sha256:4ac95d57002795b604164e82e754d2160136921364893fa8e1b52bfba8cb175a"},
]
llvmlite = [
    {file = "llvmlite-0.38.1-cp310-cp310-macosx_10_9_x86_64.whl", hash = "sha256:a7dd2bd1d6406e7789273e3f8a304ed5d9adcfaa5768052fca7dc233a857be98"},
    {file = "llvmlite-0.38.1-cp310-cp310-macosx_11_0_arm64.whl", hash = "sha256:7a5e0ed215a576f0f872f47a70b8cb49864e0aefc8586aff5ce83e3bff47bc23"},
    {file = "llvmlite-0.38.1-cp310-cp310-manylinux_2_17_aarch64.manylinux2014_aarch64.whl", hash = "sha256:633c9026eb43b9903cc4ffbc1c7d5293b2e3ad95d06fa9eab0f6ce6ff6ea15b3"},
    {file = "llvmlite-0.38.1-cp310-cp310-manylinux_2_17_i686.manylinux2014_i686.whl", hash = "sha256:b98da8436dbc29013ea301f1fdb0d596ab53bf0ab65c976d96d00bb6faa0b479"},
    {file = "llvmlite-0.38.1-cp310-cp310-manylinux_2_17_x86_64.manylinux2014_x86_64.whl", hash = "sha256:0c0adce1793d66d009c554809f27baeb6258bf13f6fbaa12eff7443500caec25"},
    {file = "llvmlite-0.38.1-cp310-cp310-win32.whl", hash = "sha256:8c64c90a8b0b7b7e1ed1912ba82c1a3f43cf25affbe06aa3c56c84050edee8ac"},
    {file = "llvmlite-0.38.1-cp310-cp310-win_amd64.whl", hash = "sha256:ab070266f0f51304789a6c20d4be91a9e69683ad9bd4861eb89980e8eb613b3a"},
    {file = "llvmlite-0.38.1-cp37-cp37m-macosx_10_9_x86_64.whl", hash = "sha256:ed7528b8b85de930b76407e44b080e4f376b7a007c2879749599ff8e2fe32753"},
    {file = "llvmlite-0.38.1-cp37-cp37m-manylinux_2_17_aarch64.manylinux2014_aarch64.whl", hash = "sha256:7db018da2863034ad9c73c946625637f3a89635bc70576068bab4bd085eea90d"},
    {file = "llvmlite-0.38.1-cp37-cp37m-manylinux_2_17_i686.manylinux2014_i686.whl", hash = "sha256:4c1e5805c92e049b4956ed01204c6647de6160ab9aefb0d67ea83ca02a1d889a"},
    {file = "llvmlite-0.38.1-cp37-cp37m-manylinux_2_17_x86_64.manylinux2014_x86_64.whl", hash = "sha256:5559e46c79b4017c3c25edc3b9512d11adc3689b9046120c685b0905c08d48a5"},
    {file = "llvmlite-0.38.1-cp37-cp37m-win32.whl", hash = "sha256:ef9aa574eff2e15f8c47b255da0db5dab326dc7f76384c307ae35490e2d2489a"},
    {file = "llvmlite-0.38.1-cp37-cp37m-win_amd64.whl", hash = "sha256:84d5a0163c172db2b2ae561d2fc0866fbd9f716cf13f92c0d41ca4338e682672"},
    {file = "llvmlite-0.38.1-cp38-cp38-macosx_10_9_x86_64.whl", hash = "sha256:a263252a68d85450110ec1f2b406c0414e49b04a4d216d31c0515ea1d59c3882"},
    {file = "llvmlite-0.38.1-cp38-cp38-macosx_11_0_arm64.whl", hash = "sha256:de8bd61480173930f2a029673e7cd0738fbbb5171dfe490340839ad7301d4cf0"},
    {file = "llvmlite-0.38.1-cp38-cp38-manylinux_2_17_aarch64.manylinux2014_aarch64.whl", hash = "sha256:fbfbe546394c39db39a6898a51972aa131c8d6b0628517728b350552f58bdc19"},
    {file = "llvmlite-0.38.1-cp38-cp38-manylinux_2_17_i686.manylinux2014_i686.whl", hash = "sha256:8c4f26c6c370e134a909ac555a671fa1376e74c69af0208f25c0979472577a9d"},
    {file = "llvmlite-0.38.1-cp38-cp38-manylinux_2_17_x86_64.manylinux2014_x86_64.whl", hash = "sha256:f95f455697c44d7c04ef95fdfce04629f48df08a832d0a0d9eb2363186dbb969"},
    {file = "llvmlite-0.38.1-cp38-cp38-win32.whl", hash = "sha256:41e638a71c85a9a4a33f279c4cd812bc2f84122505b1f6ab8984ec7debb8548b"},
    {file = "llvmlite-0.38.1-cp38-cp38-win_amd64.whl", hash = "sha256:5c07d63df4578f31b39b764d3b4291f70157af7f42e171a8884ae7aaf989d1f7"},
    {file = "llvmlite-0.38.1-cp39-cp39-macosx_10_9_x86_64.whl", hash = "sha256:4e11bd9929dcbd55d5eb5cd7b08bf71b0097ea48cc192b69d102a90dd6e9816f"},
    {file = "llvmlite-0.38.1-cp39-cp39-macosx_11_0_arm64.whl", hash = "sha256:edfa2c761cfa56cf76e783290d82e117f829bb691d8d90aa375505204888abac"},
    {file = "llvmlite-0.38.1-cp39-cp39-manylinux_2_17_aarch64.manylinux2014_aarch64.whl", hash = "sha256:0e609f7312a439b53b6f622d99180c3ff6a3e1e4ceca4d18aca1c5b46f4e3664"},
    {file = "llvmlite-0.38.1-cp39-cp39-manylinux_2_17_i686.manylinux2014_i686.whl", hash = "sha256:9f53c3448410cc84d0e1af84dbc0d60ad32779853d40bcc8b1ee3c67ebbe94b1"},
    {file = "llvmlite-0.38.1-cp39-cp39-manylinux_2_17_x86_64.manylinux2014_x86_64.whl", hash = "sha256:9c8fac4edbadefa4dddf5dc6cca76bc2ae81df211dcd16a6638d60cc41249e56"},
    {file = "llvmlite-0.38.1-cp39-cp39-win32.whl", hash = "sha256:3d76c0fa42390bef56979ed213fbf0150c3fef36f5ea68d3d780d5d725da8c01"},
    {file = "llvmlite-0.38.1-cp39-cp39-win_amd64.whl", hash = "sha256:66462d768c30d5f648ca3361d657b434efa8b09f6cf04d6b6eae66e62e993644"},
    {file = "llvmlite-0.38.1.tar.gz", hash = "sha256:0622a86301fcf81cc50d7ed5b4bebe992c030580d413a8443b328ed4f4d82561"},
]
lz4 = [
    {file = "lz4-3.1.10-cp36-cp36m-macosx_10_9_x86_64.whl", hash = "sha256:3fcd913191a34c59ff07a5b8594d3b61213ae0044bba618f74202722a2efbe2f"},
    {file = "lz4-3.1.10-cp36-cp36m-manylinux1_i686.whl", hash = "sha256:6e72e3bc14230db9baf56b05ac15ddc38a9246c414a95ca725af8d5d2226944a"},
    {file = "lz4-3.1.10-cp36-cp36m-manylinux1_x86_64.whl", hash = "sha256:a8991ac13743b09cf3d3d69c3ee6991c4e636886dbcdac584a672e38ba14d36f"},
    {file = "lz4-3.1.10-cp36-cp36m-manylinux2010_i686.whl", hash = "sha256:6d16fd11e6998d4b48771e345eefb5a800a41fdf7df29ffc6b4cd36fea213172"},
    {file = "lz4-3.1.10-cp36-cp36m-manylinux2010_x86_64.whl", hash = "sha256:dcda8a5fb286251422b271e785b340d551e42f2ffd10953d6aa77a12263d0868"},
    {file = "lz4-3.1.10-cp37-cp37m-macosx_10_9_x86_64.whl", hash = "sha256:f38880f66f8fbb8fa94cf08a2120f7bee7bf9ad35cf85259b1c3598ba17e5f9e"},
    {file = "lz4-3.1.10-cp37-cp37m-manylinux1_i686.whl", hash = "sha256:be542ae2466597f31fe37ff5a8a29b124c9b4dc5fef7effa80b194aa887c01ef"},
    {file = "lz4-3.1.10-cp37-cp37m-manylinux1_x86_64.whl", hash = "sha256:1587538466ecb8c18a58425a9513321e218c9518198d3e3b1897876686edd5c7"},
    {file = "lz4-3.1.10-cp37-cp37m-manylinux2010_i686.whl", hash = "sha256:c716eb1cd08c966952c7d8af481b4407db29fd63f151bc23b3783e8b87ddce20"},
    {file = "lz4-3.1.10-cp37-cp37m-manylinux2010_x86_64.whl", hash = "sha256:d36d0cc0942ef2b30ed69a64ded5e10e64061b2f8e8011c99ffea8a3f8d429c5"},
    {file = "lz4-3.1.10-cp38-cp38-macosx_10_9_x86_64.whl", hash = "sha256:48c67beaa312d7f3db66c78cd3d8b4332512489af8ebd9783d4ec735e3337923"},
    {file = "lz4-3.1.10-cp38-cp38-manylinux1_i686.whl", hash = "sha256:dcdaf01dc092c192576626a84c9d2fdc79c0a9b03735af9a7c153fda49ac4cfc"},
    {file = "lz4-3.1.10-cp38-cp38-manylinux1_x86_64.whl", hash = "sha256:b089376694da9dfeb7ce3c881b3271f8983c70eea4be5a1f692d97c5880ddd04"},
    {file = "lz4-3.1.10-cp38-cp38-manylinux2010_i686.whl", hash = "sha256:e6dc7f003c010f8198d2ebca7d11b141c1b96f7e350c0fdb5f9b52a1966f79ff"},
    {file = "lz4-3.1.10-cp38-cp38-manylinux2010_x86_64.whl", hash = "sha256:060a69c1b8111c1428a4aabc031e79b861442bf92eeb9a48a97cab9ba4a54194"},
    {file = "lz4-3.1.10-cp39-cp39-macosx_10_9_x86_64.whl", hash = "sha256:a987774fa38fa05a0440344ce839c512d1c51908da5d8cabbb0a2c435922477f"},
    {file = "lz4-3.1.10-cp39-cp39-manylinux1_i686.whl", hash = "sha256:72945fab7f3ab486ba92a83c43c65736be9775f1b6d5f25b5f89022c476e2705"},
    {file = "lz4-3.1.10-cp39-cp39-manylinux1_x86_64.whl", hash = "sha256:e87619075e2302f4f2ee4dafebd5e3ff47e09420df34bcfe8fc0839af4f5bac5"},
    {file = "lz4-3.1.10-cp39-cp39-manylinux2010_i686.whl", hash = "sha256:bf1d6dee89ef0fe0835529b9248ba503eaa918cfd1aafa02f2ab61587c387068"},
    {file = "lz4-3.1.10-cp39-cp39-manylinux2010_x86_64.whl", hash = "sha256:59afeb136957ed7a2058e4ef61cb2d0f5894ca866a8bfca5ff43d49a5cbe4aa2"},
    {file = "lz4-3.1.10.tar.gz", hash = "sha256:439e575ecfa9ecffcbd63cfed99baefbe422ab9645b1e82278024d8a21d9720b"},
]
numba = [
    {file = "numba-0.55.2-cp310-cp310-macosx_10_14_x86_64.whl", hash = "sha256:dd05f7c0ce64b6977596aa4e5a44747c6ef414d7989da1c7672337c54381a5ef"},
    {file = "numba-0.55.2-cp310-cp310-macosx_11_0_arm64.whl", hash = "sha256:e36232eccd172c583b1f021c5c48744c087ae6fc9dc5c5f0dd2cb2286e517bf8"},
    {file = "numba-0.55.2-cp310-cp310-manylinux2014_aarch64.manylinux_2_17_aarch64.whl", hash = "sha256:25410557d0deb1d97397b71e142a36772133986a7dd4fe2935786e2dd149245f"},
    {file = "numba-0.55.2-cp310-cp310-manylinux2014_i686.manylinux_2_17_i686.whl", hash = "sha256:676c081162cc9403706071c1d1d42e479c0741551ab28096ba13859a2e3e9b80"},
    {file = "numba-0.55.2-cp310-cp310-manylinux2014_x86_64.manylinux_2_17_x86_64.whl", hash = "sha256:2665ef28e900b3a55bf370daa81c12ebc64cd434116accd60c38a95a159a3182"},
    {file = "numba-0.55.2-cp310-cp310-win32.whl", hash = "sha256:d7ac9ea5feef9536ab8bfbbb3ded1a0617ea8794d7547800d535b7857800f996"},
    {file = "numba-0.55.2-cp310-cp310-win_amd64.whl", hash = "sha256:29b89a68af162acf87adeb8fbf01f6bb1effae4711b28146f95108d82e905624"},
    {file = "numba-0.55.2-cp37-cp37m-macosx_10_14_x86_64.whl", hash = "sha256:6e0f9b5d1c8ea1bdef39b0ad921a9bbf0cc4a88e76d722d756c68f1653787c35"},
    {file = "numba-0.55.2-cp37-cp37m-manylinux2014_aarch64.manylinux_2_17_aarch64.whl", hash = "sha256:135fb7694928f9f57b4ff5b1be58f20f4771fedd1680636a9affdead96051959"},
    {file = "numba-0.55.2-cp37-cp37m-manylinux2014_i686.manylinux_2_17_i686.whl", hash = "sha256:de1f93bd7e2d431451aec20a52ac651a020e98a4ba46797fad860bba338a7e64"},
    {file = "numba-0.55.2-cp37-cp37m-manylinux2014_x86_64.manylinux_2_17_x86_64.whl", hash = "sha256:3eaf53e73e700370163e58257257299ac0d46fea4f244bf5476e4635bc31d808"},
    {file = "numba-0.55.2-cp37-cp37m-win32.whl", hash = "sha256:da4485e0f0b9562f39c78887149b33d13d787aa696553c9257b95575122905ed"},
    {file = "numba-0.55.2-cp37-cp37m-win_amd64.whl", hash = "sha256:5559c6684bf6cce7a22c656d8fef3e7c38ff5fec5153abef5955f6f7cae9f102"},
    {file = "numba-0.55.2-cp38-cp38-macosx_10_14_x86_64.whl", hash = "sha256:a85779adc5234f7857615d1bd2c7b514314521f9f0163c33017707ed9816e6e6"},
    {file = "numba-0.55.2-cp38-cp38-macosx_11_0_arm64.whl", hash = "sha256:16a52a0641c342b09b39f6762dcbe3846e44aa9baaaf4703b2ca42a3aee7346f"},
    {file = "numba-0.55.2-cp38-cp38-manylinux2014_aarch64.manylinux_2_17_aarch64.whl", hash = "sha256:46715180f87d5a1f3e4077d207ade66c96fc01159f5b7d49cee2d6ffb9e6539f"},
    {file = "numba-0.55.2-cp38-cp38-manylinux2014_i686.manylinux_2_17_i686.whl", hash = "sha256:d1c3cef3289fefb5673ceae32024ab5a8a08d4f4380bcb8348d01f1ba570ccff"},
    {file = "numba-0.55.2-cp38-cp38-manylinux2014_x86_64.manylinux_2_17_x86_64.whl", hash = "sha256:68bb33eaef1d6155fc1ae4fa6c915b8a42e5052c89a58742254eaad072eab118"},
    {file = "numba-0.55.2-cp38-cp38-win32.whl", hash = "sha256:dfddd633141608a09cbce275fb9fe7aa514918625ace20b0e587898a2d93c030"},
    {file = "numba-0.55.2-cp38-cp38-win_amd64.whl", hash = "sha256:a669212aa66ffee4ad778016ac3819add33f9bcb96b4c384d3099531dd175085"},
    {file = "numba-0.55.2-cp39-cp39-macosx_10_14_x86_64.whl", hash = "sha256:dcde1a1a3a430fb5f83c7e095b0b6ac7adb5595f50a3ee05babb2964f31613c4"},
    {file = "numba-0.55.2-cp39-cp39-macosx_11_0_arm64.whl", hash = "sha256:69b2e823efa40d32b259f5c094476dde2226b92032f17015d8cd7c10472654ce"},
    {file = "numba-0.55.2-cp39-cp39-manylinux2014_aarch64.manylinux_2_17_aarch64.whl", hash = "sha256:20de0139d2267c8f0e2470d4f88540446cd1bf40de0f29f31b7ab9bf25d49b45"},
    {file = "numba-0.55.2-cp39-cp39-manylinux2014_i686.manylinux_2_17_i686.whl", hash = "sha256:09ff4d690abb05ffbb8a29a96d1cf35b46887a26796d3670de104beeec73d639"},
    {file = "numba-0.55.2-cp39-cp39-manylinux2014_x86_64.manylinux_2_17_x86_64.whl", hash = "sha256:1105449247f338e49d63eb04a4aaa5c440bb5435df00f718c8e6e7afad841bb0"},
    {file = "numba-0.55.2-cp39-cp39-win32.whl", hash = "sha256:32649584144c35ced239937ab2c416ab22bbc1490ef8d90609c30fff9f6aa1b8"},
    {file = "numba-0.55.2-cp39-cp39-win_amd64.whl", hash = "sha256:8d5760a1e6a48d98d6b9cf774e4d2a64813d981cca60d7b7356af61195a6ca17"},
    {file = "numba-0.55.2.tar.gz", hash = "sha256:e428d9e11d9ba592849ccc9f7a009003eb7d30612007e365afe743ce7118c6f4"},
]
numpy = [
    {file = "numpy-1.22.4-cp310-cp310-macosx_10_14_x86_64.whl", hash = "sha256:ba9ead61dfb5d971d77b6c131a9dbee62294a932bf6a356e48c75ae684e635b3"},
    {file = "numpy-1.22.4-cp310-cp310-macosx_10_15_x86_64.whl", hash = "sha256:1ce7ab2053e36c0a71e7a13a7475bd3b1f54750b4b433adc96313e127b870887"},
    {file = "numpy-1.22.4-cp310-cp310-macosx_11_0_arm64.whl", hash = "sha256:7228ad13744f63575b3a972d7ee4fd61815b2879998e70930d4ccf9ec721dce0"},
    {file = "numpy-1.22.4-cp310-cp310-manylinux_2_17_aarch64.manylinux2014_aarch64.whl", hash = "sha256:43a8ca7391b626b4c4fe20aefe79fec683279e31e7c79716863b4b25021e0e74"},
    {file = "numpy-1.22.4-cp310-cp310-manylinux_2_17_x86_64.manylinux2014_x86_64.whl", hash = "sha256:a911e317e8c826ea632205e63ed8507e0dc877dcdc49744584dfc363df9ca08c"},
    {file = "numpy-1.22.4-cp310-cp310-win32.whl", hash = "sha256:9ce7df0abeabe7fbd8ccbf343dc0db72f68549856b863ae3dd580255d009648e"},
    {file = "numpy-1.22.4-cp310-cp310-win_amd64.whl", hash = "sha256:3e1ffa4748168e1cc8d3cde93f006fe92b5421396221a02f2274aab6ac83b077"},
    {file = "numpy-1.22.4-cp38-cp38-macosx_10_15_x86_64.whl", hash = "sha256:59d55e634968b8f77d3fd674a3cf0b96e85147cd6556ec64ade018f27e9479e1"},
    {file = "numpy-1.22.4-cp38-cp38-macosx_11_0_arm64.whl", hash = "sha256:c1d937820db6e43bec43e8d016b9b3165dcb42892ea9f106c70fb13d430ffe72"},
    {file = "numpy-1.22.4-cp38-cp38-manylinux_2_17_aarch64.manylinux2014_aarch64.whl", hash = "sha256:d4c5d5eb2ec8da0b4f50c9a843393971f31f1d60be87e0fb0917a49133d257d6"},
    {file = "numpy-1.22.4-cp38-cp38-manylinux_2_17_x86_64.manylinux2014_x86_64.whl", hash = "sha256:64f56fc53a2d18b1924abd15745e30d82a5782b2cab3429aceecc6875bd5add0"},
    {file = "numpy-1.22.4-cp38-cp38-win32.whl", hash = "sha256:fb7a980c81dd932381f8228a426df8aeb70d59bbcda2af075b627bbc50207cba"},
    {file = "numpy-1.22.4-cp38-cp38-win_amd64.whl", hash = "sha256:e96d7f3096a36c8754207ab89d4b3282ba7b49ea140e4973591852c77d09eb76"},
    {file = "numpy-1.22.4-cp39-cp39-macosx_10_14_x86_64.whl", hash = "sha256:4c6036521f11a731ce0648f10c18ae66d7143865f19f7299943c985cdc95afb5"},
    {file = "numpy-1.22.4-cp39-cp39-macosx_10_15_x86_64.whl", hash = "sha256:b89bf9b94b3d624e7bb480344e91f68c1c6c75f026ed6755955117de00917a7c"},
    {file = "numpy-1.22.4-cp39-cp39-macosx_11_0_arm64.whl", hash = "sha256:2d487e06ecbf1dc2f18e7efce82ded4f705f4bd0cd02677ffccfb39e5c284c7e"},
    {file = "numpy-1.22.4-cp39-cp39-manylinux_2_17_aarch64.manylinux2014_aarch64.whl", hash = "sha256:f3eb268dbd5cfaffd9448113539e44e2dd1c5ca9ce25576f7c04a5453edc26fa"},
    {file = "numpy-1.22.4-cp39-cp39-manylinux_2_17_x86_64.manylinux2014_x86_64.whl", hash = "sha256:37431a77ceb9307c28382c9773da9f306435135fae6b80b62a11c53cfedd8802"},
    {file = "numpy-1.22.4-cp39-cp39-win32.whl", hash = "sha256:cc7f00008eb7d3f2489fca6f334ec19ca63e31371be28fd5dad955b16ec285bd"},
    {file = "numpy-1.22.4-cp39-cp39-win_amd64.whl", hash = "sha256:f0725df166cf4785c0bc4cbfb320203182b1ecd30fee6e541c8752a92df6aa32"},
    {file = "numpy-1.22.4-pp38-pypy38_pp73-manylinux_2_17_x86_64.manylinux2014_x86_64.whl", hash = "sha256:0791fbd1e43bf74b3502133207e378901272f3c156c4df4954cad833b1380207"},
    {file = "numpy-1.22.4.zip", hash = "sha256:425b390e4619f58d8526b3dcf656dde069133ae5c240229821f01b5f44ea07af"},
]
pandas = [
    {file = "pandas-1.5.0-cp310-cp310-macosx_10_9_universal2.whl", hash = "sha256:0d8d7433d19bfa33f11c92ad9997f15a902bda4f5ad3a4814a21d2e910894484"},
    {file = "pandas-1.5.0-cp310-cp310-macosx_10_9_x86_64.whl", hash = "sha256:5cc47f2ebaa20ef96ae72ee082f9e101b3dfbf74f0e62c7a12c0b075a683f03c"},
    {file = "pandas-1.5.0-cp310-cp310-macosx_11_0_arm64.whl", hash = "sha256:8e8e5edf97d8793f51d258c07c629bd49d271d536ce15d66ac00ceda5c150eb3"},
    {file = "pandas-1.5.0-cp310-cp310-manylinux_2_17_aarch64.manylinux2014_aarch64.whl", hash = "sha256:41aec9f87455306496d4486df07c1b98c15569c714be2dd552a6124cd9fda88f"},
    {file = "pandas-1.5.0-cp310-cp310-manylinux_2_17_x86_64.manylinux2014_x86_64.whl", hash = "sha256:c76f1d104844c5360c21d2ef0e1a8b2ccf8b8ebb40788475e255b9462e32b2be"},
    {file = "pandas-1.5.0-cp310-cp310-win_amd64.whl", hash = "sha256:1642fc6138b4e45d57a12c1b464a01a6d868c0148996af23f72dde8d12486bbc"},
    {file = "pandas-1.5.0-cp311-cp311-macosx_10_9_universal2.whl", hash = "sha256:171cef540bfcec52257077816a4dbbac152acdb8236ba11d3196ae02bf0959d8"},
    {file = "pandas-1.5.0-cp311-cp311-macosx_10_9_x86_64.whl", hash = "sha256:a68a9b9754efff364b0c5ee5b0f18e15ca640c01afe605d12ba8b239ca304d6b"},
    {file = "pandas-1.5.0-cp311-cp311-macosx_11_0_arm64.whl", hash = "sha256:86d87279ebc5bc20848b4ceb619073490037323f80f515e0ec891c80abad958a"},
    {file = "pandas-1.5.0-cp311-cp311-manylinux_2_17_aarch64.manylinux2014_aarch64.whl", hash = "sha256:207d63ac851e60ec57458814613ef4b3b6a5e9f0b33c57623ba2bf8126c311f8"},
    {file = "pandas-1.5.0-cp311-cp311-manylinux_2_17_x86_64.manylinux2014_x86_64.whl", hash = "sha256:e252a9e49b233ff96e2815c67c29702ac3a062098d80a170c506dff3470fd060"},
    {file = "pandas-1.5.0-cp311-cp311-win_amd64.whl", hash = "sha256:de34636e2dc04e8ac2136a8d3c2051fd56ebe9fd6cd185581259330649e73ca9"},
    {file = "pandas-1.5.0-cp38-cp38-macosx_10_9_universal2.whl", hash = "sha256:1d34b1f43d9e3f4aea056ba251f6e9b143055ebe101ed04c847b41bb0bb4a989"},
    {file = "pandas-1.5.0-cp38-cp38-macosx_10_9_x86_64.whl", hash = "sha256:1b82ccc7b093e0a93f8dffd97a542646a3e026817140e2c01266aaef5fdde11b"},
    {file = "pandas-1.5.0-cp38-cp38-macosx_11_0_arm64.whl", hash = "sha256:4e30a31039574d96f3d683df34ccb50bb435426ad65793e42a613786901f6761"},
    {file = "pandas-1.5.0-cp38-cp38-manylinux_2_17_aarch64.manylinux2014_aarch64.whl", hash = "sha256:62e61003411382e20d7c2aec1ee8d7c86c8b9cf46290993dd8a0a3be44daeb38"},
    {file = "pandas-1.5.0-cp38-cp38-manylinux_2_17_x86_64.manylinux2014_x86_64.whl", hash = "sha256:fc987f7717e53d372f586323fff441263204128a1ead053c1b98d7288f836ac9"},
    {file = "pandas-1.5.0-cp38-cp38-win32.whl", hash = "sha256:e178ce2d7e3b934cf8d01dc2d48d04d67cb0abfaffdcc8aa6271fd5a436f39c8"},
    {file = "pandas-1.5.0-cp38-cp38-win_amd64.whl", hash = "sha256:33a9d9e21ab2d91e2ab6e83598419ea6a664efd4c639606b299aae8097c1c94f"},
    {file = "pandas-1.5.0-cp39-cp39-macosx_10_9_universal2.whl", hash = "sha256:73844e247a7b7dac2daa9df7339ecf1fcf1dfb8cbfd11e3ffe9819ae6c31c515"},
    {file = "pandas-1.5.0-cp39-cp39-macosx_10_9_x86_64.whl", hash = "sha256:e9c5049333c5bebf993033f4bf807d163e30e8fada06e1da7fa9db86e2392009"},
    {file = "pandas-1.5.0-cp39-cp39-macosx_11_0_arm64.whl", hash = "sha256:85a516a7f6723ca1528f03f7851fa8d0360d1d6121cf15128b290cf79b8a7f6a"},
    {file = "pandas-1.5.0-cp39-cp39-manylinux_2_17_aarch64.manylinux2014_aarch64.whl", hash = "sha256:947ed9f896ee61adbe61829a7ae1ade493c5a28c66366ec1de85c0642009faac"},
    {file = "pandas-1.5.0-cp39-cp39-manylinux_2_17_x86_64.manylinux2014_x86_64.whl", hash = "sha256:c7f38d91f21937fe2bec9449570d7bf36ad7136227ef43b321194ec249e2149d"},
    {file = "pandas-1.5.0-cp39-cp39-win32.whl", hash = "sha256:2504c032f221ef9e4a289f5e46a42b76f5e087ecb67d62e342ccbba95a32a488"},
    {file = "pandas-1.5.0-cp39-cp39-win_amd64.whl", hash = "sha256:8a4fc04838615bf0a8d3a03ed68197f358054f0df61f390bcc64fbe39e3d71ec"},
    {file = "pandas-1.5.0.tar.gz", hash = "sha256:3ee61b881d2f64dd90c356eb4a4a4de75376586cd3c9341c6c0fcaae18d52977"},
]
pineappl = [
    {file = "pineappl-0.5.7-cp310-cp310-macosx_10_9_x86_64.macosx_11_0_arm64.macosx_10_9_universal2.whl", hash = "sha256:1132a8a206003822bc5e4abce6648abcf558213c3eac4a96da05abf9b8ccd951"},
    {file = "pineappl-0.5.7-cp310-cp310-manylinux_2_17_x86_64.manylinux2014_x86_64.whl", hash = "sha256:7ea0628786d3bd2f3bb9cfc10a1e008de20bec9b6497141bd62bcf008f3325fd"},
    {file = "pineappl-0.5.7-cp310-none-win_amd64.whl", hash = "sha256:900ad6ff732147c556516fe01940b7d78dad1080713c382d50d81ee9f77bfb5c"},
    {file = "pineappl-0.5.7-cp37-cp37m-macosx_10_9_x86_64.macosx_11_0_arm64.macosx_10_9_universal2.whl", hash = "sha256:a45af8ff9176872e28c99aa8405b76680f0247102f5c7a733be9bcd3dc2b19d2"},
    {file = "pineappl-0.5.7-cp37-cp37m-manylinux_2_17_x86_64.manylinux2014_x86_64.whl", hash = "sha256:7e49648a37b0b5575ecc10ff2fac7a7212d28a19b2ae4c64255384984f9ea1a1"},
    {file = "pineappl-0.5.7-cp37-none-win_amd64.whl", hash = "sha256:505a360fab3fbcf8a27e5571c111a4c21d493eec11bbd10ac6025ed144b6c32c"},
    {file = "pineappl-0.5.7-cp38-cp38-macosx_10_9_x86_64.macosx_11_0_arm64.macosx_10_9_universal2.whl", hash = "sha256:93c67670758a16ab8de1be4345d687dbea6eb871e31316f4114513369d5a9d1c"},
    {file = "pineappl-0.5.7-cp38-cp38-manylinux_2_17_x86_64.manylinux2014_x86_64.whl", hash = "sha256:3e3600afba94b783fc0b003ef4aea9d0c58dd9d3fc34640f456191d411bd6279"},
    {file = "pineappl-0.5.7-cp38-none-win_amd64.whl", hash = "sha256:7027f770e1d3d87c1e7e8f94f89a9f84478d9be793ef4be81f37e738c303b665"},
    {file = "pineappl-0.5.7-cp39-cp39-macosx_10_9_x86_64.macosx_11_0_arm64.macosx_10_9_universal2.whl", hash = "sha256:0b81a14489540a1f4e85e375d387c7a994ce955cda0d1e525dbacd0a9ae3a5f8"},
    {file = "pineappl-0.5.7-cp39-cp39-manylinux_2_17_x86_64.manylinux2014_x86_64.whl", hash = "sha256:d22e24296dc73e1c3602423ed50e43db4ebd40dd5f547472b2bd7eecb5b4f3ef"},
    {file = "pineappl-0.5.7-cp39-none-win_amd64.whl", hash = "sha256:0a79ee415b693de8add3663a8521bb1d4c07b35b3fa9a317ddf7c647cf5486be"},
    {file = "pineappl-0.5.7-pp37-pypy37_pp73-manylinux_2_17_x86_64.manylinux2014_x86_64.whl", hash = "sha256:b230bbc8a804830d8e2e922479638a6e6be718f7ba56a82589910daa3f536d52"},
    {file = "pineappl-0.5.7.tar.gz", hash = "sha256:ef2dab14c7eacc2d2d8775ae5e14d1e6889c36d05cfa687b25af56cdac66ef56"},
]
pineko = [
    {file = "pineko-0.2.4-py3-none-any.whl", hash = "sha256:a924f75654629fc17f362a9ac1974305e1215ce39d6898fe006dc28f9ab80263"},
    {file = "pineko-0.2.4.tar.gz", hash = "sha256:b5f729f1bb3d3086fe5c4437cd480e381f8e5c6780c063467bc1f9ce3d1b1b9c"},
]
Pygments = [
    {file = "Pygments-2.13.0-py3-none-any.whl", hash = "sha256:f643f331ab57ba3c9d89212ee4a2dabc6e94f117cf4eefde99a0574720d14c42"},
    {file = "Pygments-2.13.0.tar.gz", hash = "sha256:56a8508ae95f98e2b9bdf93a6be5ae3f7d8af858b43e02c5a2ff083726be40c1"},
]
python-dateutil = [
    {file = "python-dateutil-2.8.2.tar.gz", hash = "sha256:0123cacc1627ae19ddf3c27a5de5bd67ee4586fbdd6440d9748f8abb483d3e86"},
    {file = "python_dateutil-2.8.2-py2.py3-none-any.whl", hash = "sha256:961d03dc3453ebbc59dbdea9e4e11c5651520a876d0f4db161e8674aae935da9"},
]
pytz = [
    {file = "pytz-2022.4-py2.py3-none-any.whl", hash = "sha256:2c0784747071402c6e99f0bafdb7da0fa22645f06554c7ae06bf6358897e9c91"},
    {file = "pytz-2022.4.tar.gz", hash = "sha256:48ce799d83b6f8aab2020e369b627446696619e79645419610b9facd909b3174"},
]
PyYAML = [
    {file = "PyYAML-6.0-cp310-cp310-macosx_10_9_x86_64.whl", hash = "sha256:d4db7c7aef085872ef65a8fd7d6d09a14ae91f691dec3e87ee5ee0539d516f53"},
    {file = "PyYAML-6.0-cp310-cp310-macosx_11_0_arm64.whl", hash = "sha256:9df7ed3b3d2e0ecfe09e14741b857df43adb5a3ddadc919a2d94fbdf78fea53c"},
    {file = "PyYAML-6.0-cp310-cp310-manylinux_2_17_aarch64.manylinux2014_aarch64.whl", hash = "sha256:77f396e6ef4c73fdc33a9157446466f1cff553d979bd00ecb64385760c6babdc"},
    {file = "PyYAML-6.0-cp310-cp310-manylinux_2_17_s390x.manylinux2014_s390x.whl", hash = "sha256:a80a78046a72361de73f8f395f1f1e49f956c6be882eed58505a15f3e430962b"},
    {file = "PyYAML-6.0-cp310-cp310-manylinux_2_5_x86_64.manylinux1_x86_64.manylinux_2_12_x86_64.manylinux2010_x86_64.whl", hash = "sha256:f84fbc98b019fef2ee9a1cb3ce93e3187a6df0b2538a651bfb890254ba9f90b5"},
    {file = "PyYAML-6.0-cp310-cp310-win32.whl", hash = "sha256:2cd5df3de48857ed0544b34e2d40e9fac445930039f3cfe4bcc592a1f836d513"},
    {file = "PyYAML-6.0-cp310-cp310-win_amd64.whl", hash = "sha256:daf496c58a8c52083df09b80c860005194014c3698698d1a57cbcfa182142a3a"},
    {file = "PyYAML-6.0-cp311-cp311-macosx_10_9_x86_64.whl", hash = "sha256:d4b0ba9512519522b118090257be113b9468d804b19d63c71dbcf4a48fa32358"},
    {file = "PyYAML-6.0-cp311-cp311-macosx_11_0_arm64.whl", hash = "sha256:81957921f441d50af23654aa6c5e5eaf9b06aba7f0a19c18a538dc7ef291c5a1"},
    {file = "PyYAML-6.0-cp311-cp311-manylinux_2_17_aarch64.manylinux2014_aarch64.whl", hash = "sha256:afa17f5bc4d1b10afd4466fd3a44dc0e245382deca5b3c353d8b757f9e3ecb8d"},
    {file = "PyYAML-6.0-cp311-cp311-manylinux_2_17_s390x.manylinux2014_s390x.whl", hash = "sha256:dbad0e9d368bb989f4515da330b88a057617d16b6a8245084f1b05400f24609f"},
    {file = "PyYAML-6.0-cp311-cp311-manylinux_2_17_x86_64.manylinux2014_x86_64.whl", hash = "sha256:432557aa2c09802be39460360ddffd48156e30721f5e8d917f01d31694216782"},
    {file = "PyYAML-6.0-cp311-cp311-win32.whl", hash = "sha256:bfaef573a63ba8923503d27530362590ff4f576c626d86a9fed95822a8255fd7"},
    {file = "PyYAML-6.0-cp311-cp311-win_amd64.whl", hash = "sha256:01b45c0191e6d66c470b6cf1b9531a771a83c1c4208272ead47a3ae4f2f603bf"},
    {file = "PyYAML-6.0-cp36-cp36m-macosx_10_9_x86_64.whl", hash = "sha256:897b80890765f037df3403d22bab41627ca8811ae55e9a722fd0392850ec4d86"},
    {file = "PyYAML-6.0-cp36-cp36m-manylinux_2_17_aarch64.manylinux2014_aarch64.whl", hash = "sha256:50602afada6d6cbfad699b0c7bb50d5ccffa7e46a3d738092afddc1f9758427f"},
    {file = "PyYAML-6.0-cp36-cp36m-manylinux_2_17_s390x.manylinux2014_s390x.whl", hash = "sha256:48c346915c114f5fdb3ead70312bd042a953a8ce5c7106d5bfb1a5254e47da92"},
    {file = "PyYAML-6.0-cp36-cp36m-manylinux_2_5_x86_64.manylinux1_x86_64.manylinux_2_12_x86_64.manylinux2010_x86_64.whl", hash = "sha256:98c4d36e99714e55cfbaaee6dd5badbc9a1ec339ebfc3b1f52e293aee6bb71a4"},
    {file = "PyYAML-6.0-cp36-cp36m-win32.whl", hash = "sha256:0283c35a6a9fbf047493e3a0ce8d79ef5030852c51e9d911a27badfde0605293"},
    {file = "PyYAML-6.0-cp36-cp36m-win_amd64.whl", hash = "sha256:07751360502caac1c067a8132d150cf3d61339af5691fe9e87803040dbc5db57"},
    {file = "PyYAML-6.0-cp37-cp37m-macosx_10_9_x86_64.whl", hash = "sha256:819b3830a1543db06c4d4b865e70ded25be52a2e0631ccd2f6a47a2822f2fd7c"},
    {file = "PyYAML-6.0-cp37-cp37m-manylinux_2_17_aarch64.manylinux2014_aarch64.whl", hash = "sha256:473f9edb243cb1935ab5a084eb238d842fb8f404ed2193a915d1784b5a6b5fc0"},
    {file = "PyYAML-6.0-cp37-cp37m-manylinux_2_17_s390x.manylinux2014_s390x.whl", hash = "sha256:0ce82d761c532fe4ec3f87fc45688bdd3a4c1dc5e0b4a19814b9009a29baefd4"},
    {file = "PyYAML-6.0-cp37-cp37m-manylinux_2_5_x86_64.manylinux1_x86_64.manylinux_2_12_x86_64.manylinux2010_x86_64.whl", hash = "sha256:231710d57adfd809ef5d34183b8ed1eeae3f76459c18fb4a0b373ad56bedcdd9"},
    {file = "PyYAML-6.0-cp37-cp37m-win32.whl", hash = "sha256:c5687b8d43cf58545ade1fe3e055f70eac7a5a1a0bf42824308d868289a95737"},
    {file = "PyYAML-6.0-cp37-cp37m-win_amd64.whl", hash = "sha256:d15a181d1ecd0d4270dc32edb46f7cb7733c7c508857278d3d378d14d606db2d"},
    {file = "PyYAML-6.0-cp38-cp38-macosx_10_9_x86_64.whl", hash = "sha256:0b4624f379dab24d3725ffde76559cff63d9ec94e1736b556dacdfebe5ab6d4b"},
    {file = "PyYAML-6.0-cp38-cp38-manylinux_2_17_aarch64.manylinux2014_aarch64.whl", hash = "sha256:213c60cd50106436cc818accf5baa1aba61c0189ff610f64f4a3e8c6726218ba"},
    {file = "PyYAML-6.0-cp38-cp38-manylinux_2_17_s390x.manylinux2014_s390x.whl", hash = "sha256:9fa600030013c4de8165339db93d182b9431076eb98eb40ee068700c9c813e34"},
    {file = "PyYAML-6.0-cp38-cp38-manylinux_2_5_x86_64.manylinux1_x86_64.manylinux_2_12_x86_64.manylinux2010_x86_64.whl", hash = "sha256:277a0ef2981ca40581a47093e9e2d13b3f1fbbeffae064c1d21bfceba2030287"},
    {file = "PyYAML-6.0-cp38-cp38-win32.whl", hash = "sha256:d4eccecf9adf6fbcc6861a38015c2a64f38b9d94838ac1810a9023a0609e1b78"},
    {file = "PyYAML-6.0-cp38-cp38-win_amd64.whl", hash = "sha256:1e4747bc279b4f613a09eb64bba2ba602d8a6664c6ce6396a4d0cd413a50ce07"},
    {file = "PyYAML-6.0-cp39-cp39-macosx_10_9_x86_64.whl", hash = "sha256:055d937d65826939cb044fc8c9b08889e8c743fdc6a32b33e2390f66013e449b"},
    {file = "PyYAML-6.0-cp39-cp39-macosx_11_0_arm64.whl", hash = "sha256:e61ceaab6f49fb8bdfaa0f92c4b57bcfbea54c09277b1b4f7ac376bfb7a7c174"},
    {file = "PyYAML-6.0-cp39-cp39-manylinux_2_17_aarch64.manylinux2014_aarch64.whl", hash = "sha256:d67d839ede4ed1b28a4e8909735fc992a923cdb84e618544973d7dfc71540803"},
    {file = "PyYAML-6.0-cp39-cp39-manylinux_2_17_s390x.manylinux2014_s390x.whl", hash = "sha256:cba8c411ef271aa037d7357a2bc8f9ee8b58b9965831d9e51baf703280dc73d3"},
    {file = "PyYAML-6.0-cp39-cp39-manylinux_2_5_x86_64.manylinux1_x86_64.manylinux_2_12_x86_64.manylinux2010_x86_64.whl", hash = "sha256:40527857252b61eacd1d9af500c3337ba8deb8fc298940291486c465c8b46ec0"},
    {file = "PyYAML-6.0-cp39-cp39-win32.whl", hash = "sha256:b5b9eccad747aabaaffbc6064800670f0c297e52c12754eb1d976c57e4f74dcb"},
    {file = "PyYAML-6.0-cp39-cp39-win_amd64.whl", hash = "sha256:b3d267842bf12586ba6c734f89d1f5b871df0273157918b0ccefa29deb05c21c"},
    {file = "PyYAML-6.0.tar.gz", hash = "sha256:68fb519c14306fec9720a2a5b45bc9f0c8d1b9c72adf45c37baedfcd949c35a2"},
]
rich = [
    {file = "rich-11.2.0-py3-none-any.whl", hash = "sha256:d5f49ad91fb343efcae45a2b2df04a9755e863e50413623ab8c9e74f05aee52b"},
    {file = "rich-11.2.0.tar.gz", hash = "sha256:1a6266a5738115017bb64a66c59c717e7aa047b3ae49a011ede4abdeffc6536e"},
]
scipy = [
    {file = "scipy-1.9.2-cp310-cp310-macosx_10_9_x86_64.whl", hash = "sha256:ee4ceed204f269da19f67f0115a85d3a2cd8547185037ad99a4025f9c61d02e9"},
    {file = "scipy-1.9.2-cp310-cp310-macosx_12_0_arm64.whl", hash = "sha256:17be1a7c68ec4c49d8cd4eb1655d55d14a54ab63012296bdd5921c92dc485acd"},
    {file = "scipy-1.9.2-cp310-cp310-manylinux_2_17_aarch64.manylinux2014_aarch64.whl", hash = "sha256:a72297eb9702576bd8f626bb488fd32bb35349d3120fc4a5e733db137f06c9a6"},
    {file = "scipy-1.9.2-cp310-cp310-manylinux_2_17_x86_64.manylinux2014_x86_64.whl", hash = "sha256:aa270cc6080c987929335c4cb94e8054fee9a6058cecff22276fa5dbab9856fc"},
    {file = "scipy-1.9.2-cp310-cp310-win_amd64.whl", hash = "sha256:22380e076a162e81b659d53d75b02e9c75ad14ea2d53d9c645a12543414e2150"},
    {file = "scipy-1.9.2-cp311-cp311-macosx_10_9_x86_64.whl", hash = "sha256:bbed414fc25d64bd6d1613dc0286fbf91902219b8be63ad254525162235b67e9"},
    {file = "scipy-1.9.2-cp311-cp311-macosx_12_0_arm64.whl", hash = "sha256:885b7ac56d7460544b2ef89ab9feafa30f4264c9825d975ef690608d07e6cc55"},
    {file = "scipy-1.9.2-cp311-cp311-manylinux_2_17_aarch64.manylinux2014_aarch64.whl", hash = "sha256:5994a8232cc6510a8e85899661df2d11198bf362f0ffe6fbd5c0aca17ab46ce3"},
    {file = "scipy-1.9.2-cp311-cp311-manylinux_2_17_x86_64.manylinux2014_x86_64.whl", hash = "sha256:0e9c83dccac06f3b9aa02df69577f239758d5d0d0c069673fb0b47ecb971983d"},
    {file = "scipy-1.9.2-cp311-cp311-win_amd64.whl", hash = "sha256:92c5e627a0635ca02e6494bbbdb74f98d93ac8730416209d61de3b70c8a821be"},
    {file = "scipy-1.9.2-cp38-cp38-macosx_10_9_x86_64.whl", hash = "sha256:b6194da32e0ce9200b2eda4eb4edb89c5cb8b83d6deaf7c35f8ad3d5d7627d5c"},
    {file = "scipy-1.9.2-cp38-cp38-macosx_12_0_arm64.whl", hash = "sha256:148cb6f53d9d10dafde848e9aeb1226bf2809d16dc3221b2fa568130b6f2e586"},
    {file = "scipy-1.9.2-cp38-cp38-manylinux_2_17_aarch64.manylinux2014_aarch64.whl", hash = "sha256:658fd31c6ad4eb9fa3fd460fcac779f70a6bc7480288a211b7658a25891cf01d"},
    {file = "scipy-1.9.2-cp38-cp38-manylinux_2_17_x86_64.manylinux2014_x86_64.whl", hash = "sha256:4012dbe540732311b8f4388b7e1482eb43a7cc0435bbf2b9916b3d6c38fb8d01"},
    {file = "scipy-1.9.2-cp38-cp38-win_amd64.whl", hash = "sha256:d6cb1f92ded3fc48f7dbe94d20d7b9887e13b874e79043907de541c841563b4c"},
    {file = "scipy-1.9.2-cp39-cp39-macosx_10_9_x86_64.whl", hash = "sha256:1e3b23a82867018cd26255dc951789a7c567921622073e1113755866f1eae928"},
    {file = "scipy-1.9.2-cp39-cp39-macosx_12_0_arm64.whl", hash = "sha256:82e8bfb352aa9dce9a0ffe81f4c369a2c87c85533519441686f59f21d8c09697"},
    {file = "scipy-1.9.2-cp39-cp39-manylinux_2_17_aarch64.manylinux2014_aarch64.whl", hash = "sha256:61b95283529712101bfb7c87faf94cb86ed9e64de079509edfe107e5cfa55733"},
    {file = "scipy-1.9.2-cp39-cp39-manylinux_2_17_x86_64.manylinux2014_x86_64.whl", hash = "sha256:8c8c29703202c39d699b0d6b164bde5501c212005f20abf46ae322b9307c8a41"},
    {file = "scipy-1.9.2-cp39-cp39-win_amd64.whl", hash = "sha256:7b2608b3141c257d01ae772e23b3de9e04d27344e6b68a890883795229cb7191"},
    {file = "scipy-1.9.2.tar.gz", hash = "sha256:99e7720caefb8bca6ebf05c7d96078ed202881f61e0c68bd9e0f3e8097d6f794"},
]
setuptools = [
    {file = "setuptools-65.5.0-py3-none-any.whl", hash = "sha256:f62ea9da9ed6289bfe868cd6845968a2c854d1427f8548d52cae02a42b4f0356"},
    {file = "setuptools-65.5.0.tar.gz", hash = "sha256:512e5536220e38146176efb833d4a62aa726b7bbff82cfbc8ba9eaa3996e0b17"},
]
six = [
    {file = "six-1.16.0-py2.py3-none-any.whl", hash = "sha256:8abb2f1d86890a2dfb989f9a77cfcfd3e47c2a354b01111771326f8aa26e0254"},
    {file = "six-1.16.0.tar.gz", hash = "sha256:1e61c37477a1626458e36f7b1d82aa5c9b094fa4802892072e49de9c60c4c926"},
]
tomli = [
    {file = "tomli-2.0.1-py3-none-any.whl", hash = "sha256:939de3e7a6161af0c887ef91b7d41a53e7c5a1ca976325f429cb46ea9bc30ecc"},
    {file = "tomli-2.0.1.tar.gz", hash = "sha256:de526c12914f0c550d15924c62d72abc48d6fe7364aa87328337a31007fe8a4f"},
]
